
Microsoft Visual Studio Solution File, Format Version 12.00
# Visual Studio Version 16
VisualStudioVersion = 16.0.31424.327
MinimumVisualStudioVersion = 10.0.40219.1
Project("{9A19103F-16F7-4668-BE54-9A1E7A4F7556}") = "FieldOfView", "FieldOfView\FieldOfView.csproj", "{C86BBF51-E394-4EDE-8F95-ABCE27EE7063}"
EndProject
Project("{FAE04EC0-301F-11D3-BF4B-00C04F79EFBC}") = "SkipSplash", "SkipSplash\SkipSplash.csproj", "{AE67F2D2-7773-4BBD-8266-C547EB6456CA}"
EndProject
Global
	GlobalSection(SolutionConfigurationPlatforms) = preSolution
		Debug|Any CPU = Debug|Any CPU
		Release|Any CPU = Release|Any CPU
	EndGlobalSection
	GlobalSection(ProjectConfigurationPlatforms) = postSolution
		{C86BBF51-E394-4EDE-8F95-ABCE27EE7063}.Debug|Any CPU.ActiveCfg = Debug|Any CPU
		{C86BBF51-E394-4EDE-8F95-ABCE27EE7063}.Debug|Any CPU.Build.0 = Debug|Any CPU
		{C86BBF51-E394-4EDE-8F95-ABCE27EE7063}.Release|Any CPU.ActiveCfg = Release|Any CPU
		{C86BBF51-E394-4EDE-8F95-ABCE27EE7063}.Release|Any CPU.Build.0 = Release|Any CPU
		{AE67F2D2-7773-4BBD-8266-C547EB6456CA}.Debug|Any CPU.ActiveCfg = Debug|Any CPU
		{AE67F2D2-7773-4BBD-8266-C547EB6456CA}.Debug|Any CPU.Build.0 = Debug|Any CPU
		{AE67F2D2-7773-4BBD-8266-C547EB6456CA}.Release|Any CPU.ActiveCfg = Release|Any CPU
		{AE67F2D2-7773-4BBD-8266-C547EB6456CA}.Release|Any CPU.Build.0 = Release|Any CPU
	EndGlobalSection
	GlobalSection(SolutionProperties) = preSolution
		HideSolutionNode = FALSE
	EndGlobalSection
	GlobalSection(ExtensibilityGlobals) = postSolution
		SolutionGuid = {FA04EB77-6151-4288-98C6-E63340E7CCA9}
	EndGlobalSection
EndGlobal
